
Microsoft Visual Studio Solution File, Format Version 12.00
Project("{FAE04EC0-301F-11D3-BF4B-00C04F79EFBC}") = "FavoriteRecipe", "FavoriteRecipe\FavoriteRecipe.csproj", "{E8FADC03-EA23-40A2-ACAA-2A0D842AAA1A}"
EndProject
Project("{FAE04EC0-301F-11D3-BF4B-00C04F79EFBC}") = "Strings", "Strings\Strings.csproj", "{82D74A15-5623-46F7-84AE-30C329A8A42B}"
EndProject
Project("{FAE04EC0-301F-11D3-BF4B-00C04F79EFBC}") = "TaskList", "TaskList\TaskList.csproj", "{2703F2B4-2130-425B-B4B8-FA1E66048BBF}"
EndProject
Project("{FAE04EC0-301F-11D3-BF4B-00C04F79EFBC}") = "UniversalCalc", "UniversalCalc\UniversalCalc.csproj", "{80526103-03AB-4B6C-A1C0-4202E4434251}"
EndProject
Project("{FAE04EC0-301F-11D3-BF4B-00C04F79EFBC}") = "StudentList", "StudentList\StudentList.csproj", "{97701A8C-DDC8-4B3E-84D2-C37EEC87255B}"
EndProject
Global
	GlobalSection(SolutionConfigurationPlatforms) = preSolution
		Debug|Any CPU = Debug|Any CPU
		Release|Any CPU = Release|Any CPU
	EndGlobalSection
	GlobalSection(ProjectConfigurationPlatforms) = postSolution
		{E8FADC03-EA23-40A2-ACAA-2A0D842AAA1A}.Debug|Any CPU.ActiveCfg = Debug|Any CPU
		{E8FADC03-EA23-40A2-ACAA-2A0D842AAA1A}.Debug|Any CPU.Build.0 = Debug|Any CPU
		{E8FADC03-EA23-40A2-ACAA-2A0D842AAA1A}.Release|Any CPU.ActiveCfg = Release|Any CPU
		{E8FADC03-EA23-40A2-ACAA-2A0D842AAA1A}.Release|Any CPU.Build.0 = Release|Any CPU
		{82D74A15-5623-46F7-84AE-30C329A8A42B}.Debug|Any CPU.ActiveCfg = Debug|Any CPU
		{82D74A15-5623-46F7-84AE-30C329A8A42B}.Debug|Any CPU.Build.0 = Debug|Any CPU
		{82D74A15-5623-46F7-84AE-30C329A8A42B}.Release|Any CPU.ActiveCfg = Release|Any CPU
		{82D74A15-5623-46F7-84AE-30C329A8A42B}.Release|Any CPU.Build.0 = Release|Any CPU
		{2703F2B4-2130-425B-B4B8-FA1E66048BBF}.Debug|Any CPU.ActiveCfg = Debug|Any CPU
		{2703F2B4-2130-425B-B4B8-FA1E66048BBF}.Debug|Any CPU.Build.0 = Debug|Any CPU
		{2703F2B4-2130-425B-B4B8-FA1E66048BBF}.Release|Any CPU.ActiveCfg = Release|Any CPU
		{2703F2B4-2130-425B-B4B8-FA1E66048BBF}.Release|Any CPU.Build.0 = Release|Any CPU
		{80526103-03AB-4B6C-A1C0-4202E4434251}.Debug|Any CPU.ActiveCfg = Debug|Any CPU
		{80526103-03AB-4B6C-A1C0-4202E4434251}.Debug|Any CPU.Build.0 = Debug|Any CPU
		{80526103-03AB-4B6C-A1C0-4202E4434251}.Release|Any CPU.ActiveCfg = Release|Any CPU
		{80526103-03AB-4B6C-A1C0-4202E4434251}.Release|Any CPU.Build.0 = Release|Any CPU
		{97701A8C-DDC8-4B3E-84D2-C37EEC87255B}.Debug|Any CPU.ActiveCfg = Debug|Any CPU
		{97701A8C-DDC8-4B3E-84D2-C37EEC87255B}.Debug|Any CPU.Build.0 = Debug|Any CPU
		{97701A8C-DDC8-4B3E-84D2-C37EEC87255B}.Release|Any CPU.ActiveCfg = Release|Any CPU
		{97701A8C-DDC8-4B3E-84D2-C37EEC87255B}.Release|Any CPU.Build.0 = Release|Any CPU
	EndGlobalSection
EndGlobal
