
Microsoft Visual Studio Solution File, Format Version 12.00
Project("{FAE04EC0-301F-11D3-BF4B-00C04F79EFBC}") = "FavoriteRecipe", "FavoriteRecipe\FavoriteRecipe.csproj", "{E8FADC03-EA23-40A2-ACAA-2A0D842AAA1A}"
EndProject
Project("{FAE04EC0-301F-11D3-BF4B-00C04F79EFBC}") = "Strings", "Strings\Strings.csproj", "{82D74A15-5623-46F7-84AE-30C329A8A42B}"
EndProject
Project("{FAE04EC0-301F-11D3-BF4B-00C04F79EFBC}") = "TaskList", "TaskList\TaskList.csproj", "{2703F2B4-2130-425B-B4B8-FA1E66048BBF}"
EndProject
Project("{FAE04EC0-301F-11D3-BF4B-00C04F79EFBC}") = "UniversalCalc", "UniversalCalc\UniversalCalc.csproj", "{80526103-03AB-4B6C-A1C0-4202E4434251}"
EndProject
Project("{FAE04EC0-301F-11D3-BF4B-00C04F79EFBC}") = "StudentList", "StudentList\StudentList.csproj", "{97701A8C-DDC8-4B3E-84D2-C37EEC87255B}"
EndProject
Project("{FAE04EC0-301F-11D3-BF4B-00C04F79EFBC}") = "ChessApp", "ChessApp\ChessApp.csproj", "{AF4C8086-76B7-40A1-AF51-DE704967EDCA}"
EndProject
Project("{FAE04EC0-301F-11D3-BF4B-00C04F79EFBC}") = "PaintApp", "PaintApp\PaintApp.csproj", "{00C8C598-7C93-425E-8A4C-3E1CE80F8782}"
EndProject
Project("{FAE04EC0-301F-11D3-BF4B-00C04F79EFBC}") = "GraphPlotter", "GraphPlotter\GraphPlotter.csproj", "{4DF42303-B72F-4BD7-A437-F56FCF24EA42}"
EndProject
Project("{FAE04EC0-301F-11D3-BF4B-00C04F79EFBC}") = "ChartApp", "ChartApp\ChartApp.csproj", "{E96C29FE-66FD-48F9-A7F1-C7484B0893EC}"
EndProject
Project("{FAE04EC0-301F-11D3-BF4B-00C04F79EFBC}") = "DollarChartApp", "DollarChartApp\DollarChartApp.csproj", "{0B5F3605-F28E-4955-9F9C-ED8C231A73C5}"
EndProject
Project("{FAE04EC0-301F-11D3-BF4B-00C04F79EFBC}") = "GDILogo", "GDILogo\GDILogo.csproj", "{C7E71A47-A6C2-44B8-872D-0AB89B3EEB13}"
EndProject
Project("{FAE04EC0-301F-11D3-BF4B-00C04F79EFBC}") = "ClockApp", "ClockApp\ClockApp.csproj", "{064051BD-A038-4529-95BE-D19E9F98DF7D}"
EndProject
Project("{FAE04EC0-301F-11D3-BF4B-00C04F79EFBC}") = "MazeApp", "MazeApp\MazeApp.csproj", "{A07CC130-FB6E-49B2-B161-22E791E806A6}"
EndProject
Global
	GlobalSection(SolutionConfigurationPlatforms) = preSolution
		Debug|Any CPU = Debug|Any CPU
		Release|Any CPU = Release|Any CPU
	EndGlobalSection
	GlobalSection(ProjectConfigurationPlatforms) = postSolution
		{E8FADC03-EA23-40A2-ACAA-2A0D842AAA1A}.Debug|Any CPU.ActiveCfg = Debug|Any CPU
		{E8FADC03-EA23-40A2-ACAA-2A0D842AAA1A}.Debug|Any CPU.Build.0 = Debug|Any CPU
		{E8FADC03-EA23-40A2-ACAA-2A0D842AAA1A}.Release|Any CPU.ActiveCfg = Release|Any CPU
		{E8FADC03-EA23-40A2-ACAA-2A0D842AAA1A}.Release|Any CPU.Build.0 = Release|Any CPU
		{82D74A15-5623-46F7-84AE-30C329A8A42B}.Debug|Any CPU.ActiveCfg = Debug|Any CPU
		{82D74A15-5623-46F7-84AE-30C329A8A42B}.Debug|Any CPU.Build.0 = Debug|Any CPU
		{82D74A15-5623-46F7-84AE-30C329A8A42B}.Release|Any CPU.ActiveCfg = Release|Any CPU
		{82D74A15-5623-46F7-84AE-30C329A8A42B}.Release|Any CPU.Build.0 = Release|Any CPU
		{2703F2B4-2130-425B-B4B8-FA1E66048BBF}.Debug|Any CPU.ActiveCfg = Debug|Any CPU
		{2703F2B4-2130-425B-B4B8-FA1E66048BBF}.Debug|Any CPU.Build.0 = Debug|Any CPU
		{2703F2B4-2130-425B-B4B8-FA1E66048BBF}.Release|Any CPU.ActiveCfg = Release|Any CPU
		{2703F2B4-2130-425B-B4B8-FA1E66048BBF}.Release|Any CPU.Build.0 = Release|Any CPU
		{80526103-03AB-4B6C-A1C0-4202E4434251}.Debug|Any CPU.ActiveCfg = Debug|Any CPU
		{80526103-03AB-4B6C-A1C0-4202E4434251}.Debug|Any CPU.Build.0 = Debug|Any CPU
		{80526103-03AB-4B6C-A1C0-4202E4434251}.Release|Any CPU.ActiveCfg = Release|Any CPU
		{80526103-03AB-4B6C-A1C0-4202E4434251}.Release|Any CPU.Build.0 = Release|Any CPU
		{97701A8C-DDC8-4B3E-84D2-C37EEC87255B}.Debug|Any CPU.ActiveCfg = Debug|Any CPU
		{97701A8C-DDC8-4B3E-84D2-C37EEC87255B}.Debug|Any CPU.Build.0 = Debug|Any CPU
		{97701A8C-DDC8-4B3E-84D2-C37EEC87255B}.Release|Any CPU.ActiveCfg = Release|Any CPU
		{97701A8C-DDC8-4B3E-84D2-C37EEC87255B}.Release|Any CPU.Build.0 = Release|Any CPU
		{AF4C8086-76B7-40A1-AF51-DE704967EDCA}.Debug|Any CPU.ActiveCfg = Debug|Any CPU
		{AF4C8086-76B7-40A1-AF51-DE704967EDCA}.Debug|Any CPU.Build.0 = Debug|Any CPU
		{AF4C8086-76B7-40A1-AF51-DE704967EDCA}.Release|Any CPU.ActiveCfg = Release|Any CPU
		{AF4C8086-76B7-40A1-AF51-DE704967EDCA}.Release|Any CPU.Build.0 = Release|Any CPU
		{00C8C598-7C93-425E-8A4C-3E1CE80F8782}.Debug|Any CPU.ActiveCfg = Debug|Any CPU
		{00C8C598-7C93-425E-8A4C-3E1CE80F8782}.Debug|Any CPU.Build.0 = Debug|Any CPU
		{00C8C598-7C93-425E-8A4C-3E1CE80F8782}.Release|Any CPU.ActiveCfg = Release|Any CPU
		{00C8C598-7C93-425E-8A4C-3E1CE80F8782}.Release|Any CPU.Build.0 = Release|Any CPU
		{4DF42303-B72F-4BD7-A437-F56FCF24EA42}.Debug|Any CPU.ActiveCfg = Debug|Any CPU
		{4DF42303-B72F-4BD7-A437-F56FCF24EA42}.Debug|Any CPU.Build.0 = Debug|Any CPU
		{4DF42303-B72F-4BD7-A437-F56FCF24EA42}.Release|Any CPU.ActiveCfg = Release|Any CPU
		{4DF42303-B72F-4BD7-A437-F56FCF24EA42}.Release|Any CPU.Build.0 = Release|Any CPU
		{E96C29FE-66FD-48F9-A7F1-C7484B0893EC}.Debug|Any CPU.ActiveCfg = Debug|Any CPU
		{E96C29FE-66FD-48F9-A7F1-C7484B0893EC}.Debug|Any CPU.Build.0 = Debug|Any CPU
		{E96C29FE-66FD-48F9-A7F1-C7484B0893EC}.Release|Any CPU.ActiveCfg = Release|Any CPU
		{E96C29FE-66FD-48F9-A7F1-C7484B0893EC}.Release|Any CPU.Build.0 = Release|Any CPU
		{0B5F3605-F28E-4955-9F9C-ED8C231A73C5}.Debug|Any CPU.ActiveCfg = Debug|Any CPU
		{0B5F3605-F28E-4955-9F9C-ED8C231A73C5}.Debug|Any CPU.Build.0 = Debug|Any CPU
		{0B5F3605-F28E-4955-9F9C-ED8C231A73C5}.Release|Any CPU.ActiveCfg = Release|Any CPU
		{0B5F3605-F28E-4955-9F9C-ED8C231A73C5}.Release|Any CPU.Build.0 = Release|Any CPU
		{C7E71A47-A6C2-44B8-872D-0AB89B3EEB13}.Debug|Any CPU.ActiveCfg = Debug|Any CPU
		{C7E71A47-A6C2-44B8-872D-0AB89B3EEB13}.Debug|Any CPU.Build.0 = Debug|Any CPU
		{C7E71A47-A6C2-44B8-872D-0AB89B3EEB13}.Release|Any CPU.ActiveCfg = Release|Any CPU
		{C7E71A47-A6C2-44B8-872D-0AB89B3EEB13}.Release|Any CPU.Build.0 = Release|Any CPU
		{064051BD-A038-4529-95BE-D19E9F98DF7D}.Debug|Any CPU.ActiveCfg = Debug|Any CPU
		{064051BD-A038-4529-95BE-D19E9F98DF7D}.Debug|Any CPU.Build.0 = Debug|Any CPU
		{064051BD-A038-4529-95BE-D19E9F98DF7D}.Release|Any CPU.ActiveCfg = Release|Any CPU
		{064051BD-A038-4529-95BE-D19E9F98DF7D}.Release|Any CPU.Build.0 = Release|Any CPU
		{A07CC130-FB6E-49B2-B161-22E791E806A6}.Debug|Any CPU.ActiveCfg = Debug|Any CPU
		{A07CC130-FB6E-49B2-B161-22E791E806A6}.Debug|Any CPU.Build.0 = Debug|Any CPU
		{A07CC130-FB6E-49B2-B161-22E791E806A6}.Release|Any CPU.ActiveCfg = Release|Any CPU
		{A07CC130-FB6E-49B2-B161-22E791E806A6}.Release|Any CPU.Build.0 = Release|Any CPU
	EndGlobalSection
EndGlobal
